
Microsoft Visual Studio Solution File, Format Version 12.00
# Visual Studio 15
VisualStudioVersion = 15.0.27703.2035
MinimumVisualStudioVersion = 10.0.40219.1
Project("{FAE04EC0-301F-11D3-BF4B-00C04F79EFBC}") = "Targil12", "Targil12\Targil12.csproj", "{D8305D4F-BD97-4C4A-BBDC-9CE01EA675FF}"
EndProject
Global
	GlobalSection(SolutionConfigurationPlatforms) = preSolution
		Debug|Any CPU = Debug|Any CPU
		Release|Any CPU = Release|Any CPU
	EndGlobalSection
	GlobalSection(ProjectConfigurationPlatforms) = postSolution
		{D8305D4F-BD97-4C4A-BBDC-9CE01EA675FF}.Debug|Any CPU.ActiveCfg = Debug|Any CPU
		{D8305D4F-BD97-4C4A-BBDC-9CE01EA675FF}.Debug|Any CPU.Build.0 = Debug|Any CPU
		{D8305D4F-BD97-4C4A-BBDC-9CE01EA675FF}.Release|Any CPU.ActiveCfg = Release|Any CPU
		{D8305D4F-BD97-4C4A-BBDC-9CE01EA675FF}.Release|Any CPU.Build.0 = Release|Any CPU
	EndGlobalSection
	GlobalSection(SolutionProperties) = preSolution
		HideSolutionNode = FALSE
	EndGlobalSection
	GlobalSection(ExtensibilityGlobals) = postSolution
		SolutionGuid = {0A08AC87-FDDF-4C19-B286-01A55811B23E}
	EndGlobalSection
EndGlobal
